
Microsoft Visual Studio Solution File, Format Version 12.00
# Visual Studio Version 17
VisualStudioVersion = 17.13.35825.156 d17.13
MinimumVisualStudioVersion = 10.0.40219.1
Project("{FAE04EC0-301F-11D3-BF4B-00C04F79EFBC}") = "Lab5", "Lab5.csproj", "{0056A3E2-75F6-4974-9D31-5490E474D10A}"
EndProject
Global
	GlobalSection(SolutionConfigurationPlatforms) = preSolution
		Debug|Any CPU = Debug|Any CPU
		Release|Any CPU = Release|Any CPU
	EndGlobalSection
	GlobalSection(ProjectConfigurationPlatforms) = postSolution
		{0056A3E2-75F6-4974-9D31-5490E474D10A}.Debug|Any CPU.ActiveCfg = Debug|Any CPU
		{0056A3E2-75F6-4974-9D31-5490E474D10A}.Debug|Any CPU.Build.0 = Debug|Any CPU
		{0056A3E2-75F6-4974-9D31-5490E474D10A}.Release|Any CPU.ActiveCfg = Release|Any CPU
		{0056A3E2-75F6-4974-9D31-5490E474D10A}.Release|Any CPU.Build.0 = Release|Any CPU
	EndGlobalSection
	GlobalSection(SolutionProperties) = preSolution
		HideSolutionNode = FALSE
	EndGlobalSection
	GlobalSection(ExtensibilityGlobals) = postSolution
		SolutionGuid = {D917544E-FF4B-4946-9C60-8909E8C223DD}
	EndGlobalSection
EndGlobal
